// !$*UTF8*$!
{
	archiveVersion = 1;
	classes = {
	};
	objectVersion = 56;
	objects = {

/* Begin PBXBuildFile section */
		342F69A32C402EB300324BAC /* ButtonBorderColorAnimated.swift in Sources */ = {isa = PBXBuildFile; fileRef = 342F69A22C402EB300324BAC /* ButtonBorderColorAnimated.swift */; };
		342F69A52C40324C00324BAC /* RotateAnimation.swift in Sources */ = {isa = PBXBuildFile; fileRef = 342F69A42C40324C00324BAC /* RotateAnimation.swift */; };
		345BC8662C38420A00098BC1 /* GlowAndShineApp.swift in Sources */ = {isa = PBXBuildFile; fileRef = 345BC8652C38420A00098BC1 /* GlowAndShineApp.swift */; };
		345BC8682C38420A00098BC1 /* DuneCircle.swift in Sources */ = {isa = PBXBuildFile; fileRef = 345BC8672C38420A00098BC1 /* DuneCircle.swift */; };
		345BC86A2C38420C00098BC1 /* Assets.xcassets in Resources */ = {isa = PBXBuildFile; fileRef = 345BC8692C38420C00098BC1 /* Assets.xcassets */; };
		345BC86D2C38420C00098BC1 /* Preview Assets.xcassets in Resources */ = {isa = PBXBuildFile; fileRef = 345BC86C2C38420C00098BC1 /* Preview Assets.xcassets */; };
		345BC8762C38459500098BC1 /* View.swift in Sources */ = {isa = PBXBuildFile; fileRef = 345BC8752C38459500098BC1 /* View.swift */; };
		345BC8782C3845CC00098BC1 /* GlowCapsule.swift in Sources */ = {isa = PBXBuildFile; fileRef = 345BC8772C3845CC00098BC1 /* GlowCapsule.swift */; };
		345BC87A2C3846D800098BC1 /* ShapeStyle.swift in Sources */ = {isa = PBXBuildFile; fileRef = 345BC8792C3846D800098BC1 /* ShapeStyle.swift */; };
		345BC87C2C38499200098BC1 /* ProgressView.swift in Sources */ = {isa = PBXBuildFile; fileRef = 345BC87B2C38499200098BC1 /* ProgressView.swift */; };
		345BC87E2C384BA000098BC1 /* ContentView.swift in Sources */ = {isa = PBXBuildFile; fileRef = 345BC87D2C384BA000098BC1 /* ContentView.swift */; };
		34C2498F2C4BD14A00FBC68D /* GaugeAnimation.swift in Sources */ = {isa = PBXBuildFile; fileRef = 34C2498E2C4BD14A00FBC68D /* GaugeAnimation.swift */; };
		34D902B82C498591002E916F /* AppleLogoAnimation.swift in Sources */ = {isa = PBXBuildFile; fileRef = 34D902B72C498591002E916F /* AppleLogoAnimation.swift */; };
		34FA2A8B2C4AAA3D00EEDA3F /* AppleLogo.swift in Sources */ = {isa = PBXBuildFile; fileRef = 34FA2A8A2C4AAA3D00EEDA3F /* AppleLogo.swift */; };
/* End PBXBuildFile section */

/* Begin PBXFileReference section */
		342F69A22C402EB300324BAC /* ButtonBorderColorAnimated.swift */ = {isa = PBXFileReference; lastKnownFileType = sourcecode.swift; path = ButtonBorderColorAnimated.swift; sourceTree = "<group>"; };
		342F69A42C40324C00324BAC /* RotateAnimation.swift */ = {isa = PBXFileReference; lastKnownFileType = sourcecode.swift; path = RotateAnimation.swift; sourceTree = "<group>"; };
		345BC8622C38420A00098BC1 /* GlowAndShine.app */ = {isa = PBXFileReference; explicitFileType = wrapper.application; includeInIndex = 0; path = GlowAndShine.app; sourceTree = BUILT_PRODUCTS_DIR; };
		345BC8652C38420A00098BC1 /* GlowAndShineApp.swift */ = {isa = PBXFileReference; lastKnownFileType = sourcecode.swift; path = GlowAndShineApp.swift; sourceTree = "<group>"; };
		345BC8672C38420A00098BC1 /* DuneCircle.swift */ = {isa = PBXFileReference; lastKnownFileType = sourcecode.swift; path = DuneCircle.swift; sourceTree = "<group>"; };
		345BC8692C38420C00098BC1 /* Assets.xcassets */ = {isa = PBXFileReference; lastKnownFileType = folder.assetcatalog; path = Assets.xcassets; sourceTree = "<group>"; };
		345BC86C2C38420C00098BC1 /* Preview Assets.xcassets */ = {isa = PBXFileReference; lastKnownFileType = folder.assetcatalog; path = "Preview Assets.xcassets"; sourceTree = "<group>"; };
		345BC8752C38459500098BC1 /* View.swift */ = {isa = PBXFileReference; lastKnownFileType = sourcecode.swift; path = View.swift; sourceTree = "<group>"; };
		345BC8772C3845CC00098BC1 /* GlowCapsule.swift */ = {isa = PBXFileReference; lastKnownFileType = sourcecode.swift; path = GlowCapsule.swift; sourceTree = "<group>"; };
		345BC8792C3846D800098BC1 /* ShapeStyle.swift */ = {isa = PBXFileReference; lastKnownFileType = sourcecode.swift; path = ShapeStyle.swift; sourceTree = "<group>"; };
		345BC87B2C38499200098BC1 /* ProgressView.swift */ = {isa = PBXFileReference; lastKnownFileType = sourcecode.swift; path = ProgressView.swift; sourceTree = "<group>"; };
		345BC87D2C384BA000098BC1 /* ContentView.swift */ = {isa = PBXFileReference; lastKnownFileType = sourcecode.swift; path = ContentView.swift; sourceTree = "<group>"; };
		34C2498E2C4BD14A00FBC68D /* GaugeAnimation.swift */ = {isa = PBXFileReference; lastKnownFileType = sourcecode.swift; path = GaugeAnimation.swift; sourceTree = "<group>"; };
		34D902B72C498591002E916F /* AppleLogoAnimation.swift */ = {isa = PBXFileReference; lastKnownFileType = sourcecode.swift; path = AppleLogoAnimation.swift; sourceTree = "<group>"; };
		34FA2A8A2C4AAA3D00EEDA3F /* AppleLogo.swift */ = {isa = PBXFileReference; lastKnownFileType = sourcecode.swift; path = AppleLogo.swift; sourceTree = "<group>"; };
/* End PBXFileReference section */

/* Begin PBXFrameworksBuildPhase section */
		345BC85F2C38420A00098BC1 /* Frameworks */ = {
			isa = PBXFrameworksBuildPhase;
			buildActionMask = 2147483647;
			files = (
			);
			runOnlyForDeploymentPostprocessing = 0;
		};
/* End PBXFrameworksBuildPhase section */

/* Begin PBXGroup section */
		345BC8592C38420A00098BC1 = {
			isa = PBXGroup;
			children = (
				345BC8642C38420A00098BC1 /* GlowAndShine */,
				345BC8632C38420A00098BC1 /* Products */,
			);
			sourceTree = "<group>";
		};
		345BC8632C38420A00098BC1 /* Products */ = {
			isa = PBXGroup;
			children = (
				345BC8622C38420A00098BC1 /* GlowAndShine.app */,
			);
			name = Products;
			sourceTree = "<group>";
		};
		345BC8642C38420A00098BC1 /* GlowAndShine */ = {
			isa = PBXGroup;
			children = (
				345BC8652C38420A00098BC1 /* GlowAndShineApp.swift */,
				345BC8742C38458500098BC1 /* Extensions */,
				34FA2A8C2C4AAE1100EEDA3F /* Shapes */,
				345BC8732C38457C00098BC1 /* Views */,
				345BC8692C38420C00098BC1 /* Assets.xcassets */,
				345BC86B2C38420C00098BC1 /* Preview Content */,
			);
			path = GlowAndShine;
			sourceTree = "<group>";
		};
		345BC86B2C38420C00098BC1 /* Preview Content */ = {
			isa = PBXGroup;
			children = (
				345BC86C2C38420C00098BC1 /* Preview Assets.xcassets */,
			);
			path = "Preview Content";
			sourceTree = "<group>";
		};
		345BC8732C38457C00098BC1 /* Views */ = {
			isa = PBXGroup;
			children = (
				345BC87D2C384BA000098BC1 /* ContentView.swift */,
				345BC8672C38420A00098BC1 /* DuneCircle.swift */,
				345BC8772C3845CC00098BC1 /* GlowCapsule.swift */,
				345BC87B2C38499200098BC1 /* ProgressView.swift */,
				342F69A22C402EB300324BAC /* ButtonBorderColorAnimated.swift */,
				342F69A42C40324C00324BAC /* RotateAnimation.swift */,
				34D902B72C498591002E916F /* AppleLogoAnimation.swift */,
				34C2498E2C4BD14A00FBC68D /* GaugeAnimation.swift */,
			);
			path = Views;
			sourceTree = "<group>";
		};
		345BC8742C38458500098BC1 /* Extensions */ = {
			isa = PBXGroup;
			children = (
				345BC8752C38459500098BC1 /* View.swift */,
				345BC8792C3846D800098BC1 /* ShapeStyle.swift */,
			);
			path = Extensions;
			sourceTree = "<group>";
		};
		34FA2A8C2C4AAE1100EEDA3F /* Shapes */ = {
			isa = PBXGroup;
			children = (
				34FA2A8A2C4AAA3D00EEDA3F /* AppleLogo.swift */,
			);
			path = Shapes;
			sourceTree = "<group>";
		};
/* End PBXGroup section */

/* Begin PBXNativeTarget section */
		345BC8612C38420A00098BC1 /* GlowAndShine */ = {
			isa = PBXNativeTarget;
			buildConfigurationList = 345BC8702C38420C00098BC1 /* Build configuration list for PBXNativeTarget "GlowAndShine" */;
			buildPhases = (
				345BC85E2C38420A00098BC1 /* Sources */,
				345BC85F2C38420A00098BC1 /* Frameworks */,
				345BC8602C38420A00098BC1 /* Resources */,
			);
			buildRules = (
			);
			dependencies = (
			);
			name = GlowAndShine;
			productName = GlowAndShine;
			productReference = 345BC8622C38420A00098BC1 /* GlowAndShine.app */;
			productType = "com.apple.product-type.application";
		};
/* End PBXNativeTarget section */

/* Begin PBXProject section */
		345BC85A2C38420A00098BC1 /* Project object */ = {
			isa = PBXProject;
			attributes = {
				BuildIndependentTargetsInParallel = 1;
				LastSwiftUpdateCheck = 1520;
				LastUpgradeCheck = 1520;
				TargetAttributes = {
					345BC8612C38420A00098BC1 = {
						CreatedOnToolsVersion = 15.2;
					};
				};
			};
			buildConfigurationList = 345BC85D2C38420A00098BC1 /* Build configuration list for PBXProject "GlowAndShine" */;
			compatibilityVersion = "Xcode 14.0";
			developmentRegion = en;
			hasScannedForEncodings = 0;
			knownRegions = (
				en,
				Base,
			);
			mainGroup = 345BC8592C38420A00098BC1;
			productRefGroup = 345BC8632C38420A00098BC1 /* Products */;
			projectDirPath = "";
			projectRoot = "";
			targets = (
				345BC8612C38420A00098BC1 /* GlowAndShine */,
			);
		};
/* End PBXProject section */

/* Begin PBXResourcesBuildPhase section */
		345BC8602C38420A00098BC1 /* Resources */ = {
			isa = PBXResourcesBuildPhase;
			buildActionMask = 2147483647;
			files = (
				345BC86D2C38420C00098BC1 /* Preview Assets.xcassets in Resources */,
				345BC86A2C38420C00098BC1 /* Assets.xcassets in Resources */,
			);
			runOnlyForDeploymentPostprocessing = 0;
		};
/* End PBXResourcesBuildPhase section */

/* Begin PBXSourcesBuildPhase section */
		345BC85E2C38420A00098BC1 /* Sources */ = {
			isa = PBXSourcesBuildPhase;
			buildActionMask = 2147483647;
			files = (
				345BC8682C38420A00098BC1 /* DuneCircle.swift in Sources */,
				345BC8662C38420A00098BC1 /* GlowAndShineApp.swift in Sources */,
				345BC87E2C384BA000098BC1 /* ContentView.swift in Sources */,
				345BC8782C3845CC00098BC1 /* GlowCapsule.swift in Sources */,
				345BC8762C38459500098BC1 /* View.swift in Sources */,
				342F69A52C40324C00324BAC /* RotateAnimation.swift in Sources */,
				34FA2A8B2C4AAA3D00EEDA3F /* AppleLogo.swift in Sources */,
				345BC87A2C3846D800098BC1 /* ShapeStyle.swift in Sources */,
				34C2498F2C4BD14A00FBC68D /* GaugeAnimation.swift in Sources */,
				342F69A32C402EB300324BAC /* ButtonBorderColorAnimated.swift in Sources */,
				34D902B82C498591002E916F /* AppleLogoAnimation.swift in Sources */,
				345BC87C2C38499200098BC1 /* ProgressView.swift in Sources */,
			);
			runOnlyForDeploymentPostprocessing = 0;
		};
/* End PBXSourcesBuildPhase section */

/* Begin XCBuildConfiguration section */
		345BC86E2C38420C00098BC1 /* Debug */ = {
			isa = XCBuildConfiguration;
			buildSettings = {
				ALWAYS_SEARCH_USER_PATHS = NO;
				ASSETCATALOG_COMPILER_GENERATE_SWIFT_ASSET_SYMBOL_EXTENSIONS = YES;
				CLANG_ANALYZER_NONNULL = YES;
				CLANG_ANALYZER_NUMBER_OBJECT_CONVERSION = YES_AGGRESSIVE;
				CLANG_CXX_LANGUAGE_STANDARD = "gnu++20";
				CLANG_ENABLE_MODULES = YES;
				CLANG_ENABLE_OBJC_ARC = YES;
				CLANG_ENABLE_OBJC_WEAK = YES;
				CLANG_WARN_BLOCK_CAPTURE_AUTORELEASING = YES;
				CLANG_WARN_BOOL_CONVERSION = YES;
				CLANG_WARN_COMMA = YES;
				CLANG_WARN_CONSTANT_CONVERSION = YES;
				CLANG_WARN_DEPRECATED_OBJC_IMPLEMENTATIONS = YES;
				CLANG_WARN_DIRECT_OBJC_ISA_USAGE = YES_ERROR;
				CLANG_WARN_DOCUMENTATION_COMMENTS = YES;
				CLANG_WARN_EMPTY_BODY = YES;
				CLANG_WARN_ENUM_CONVERSION = YES;
				CLANG_WARN_INFINITE_RECURSION = YES;
				CLANG_WARN_INT_CONVERSION = YES;
				CLANG_WARN_NON_LITERAL_NULL_CONVERSION = YES;
				CLANG_WARN_OBJC_IMPLICIT_RETAIN_SELF = YES;
				CLANG_WARN_OBJC_LITERAL_CONVERSION = YES;
				CLANG_WARN_OBJC_ROOT_CLASS = YES_ERROR;
				CLANG_WARN_QUOTED_INCLUDE_IN_FRAMEWORK_HEADER = YES;
				CLANG_WARN_RANGE_LOOP_ANALYSIS = YES;
				CLANG_WARN_STRICT_PROTOTYPES = YES;
				CLANG_WARN_SUSPICIOUS_MOVE = YES;
				CLANG_WARN_UNGUARDED_AVAILABILITY = YES_AGGRESSIVE;
				CLANG_WARN_UNREACHABLE_CODE = YES;
				CLANG_WARN__DUPLICATE_METHOD_MATCH = YES;
				COPY_PHASE_STRIP = NO;
				DEBUG_INFORMATION_FORMAT = dwarf;
				ENABLE_STRICT_OBJC_MSGSEND = YES;
				ENABLE_TESTABILITY = YES;
				ENABLE_USER_SCRIPT_SANDBOXING = YES;
				GCC_C_LANGUAGE_STANDARD = gnu17;
				GCC_DYNAMIC_NO_PIC = NO;
				GCC_NO_COMMON_BLOCKS = YES;
				GCC_OPTIMIZATION_LEVEL = 0;
				GCC_PREPROCESSOR_DEFINITIONS = (
					"DEBUG=1",
					"$(inherited)",
				);
				GCC_WARN_64_TO_32_BIT_CONVERSION = YES;
				GCC_WARN_ABOUT_RETURN_TYPE = YES_ERROR;
				GCC_WARN_UNDECLARED_SELECTOR = YES;
				GCC_WARN_UNINITIALIZED_AUTOS = YES_AGGRESSIVE;
				GCC_WARN_UNUSED_FUNCTION = YES;
				GCC_WARN_UNUSED_VARIABLE = YES;
				IPHONEOS_DEPLOYMENT_TARGET = 17.2;
				LOCALIZATION_PREFERS_STRING_CATALOGS = YES;
				MTL_ENABLE_DEBUG_INFO = INCLUDE_SOURCE;
				MTL_FAST_MATH = YES;
				ONLY_ACTIVE_ARCH = YES;
				SDKROOT = iphoneos;
				SWIFT_ACTIVE_COMPILATION_CONDITIONS = "DEBUG $(inherited)";
				SWIFT_OPTIMIZATION_LEVEL = "-Onone";
			};
			name = Debug;
		};
		345BC86F2C38420C00098BC1 /* Release */ = {
			isa = XCBuildConfiguration;
			buildSettings = {
				ALWAYS_SEARCH_USER_PATHS = NO;
				ASSETCATALOG_COMPILER_GENERATE_SWIFT_ASSET_SYMBOL_EXTENSIONS = YES;
				CLANG_ANALYZER_NONNULL = YES;
				CLANG_ANALYZER_NUMBER_OBJECT_CONVERSION = YES_AGGRESSIVE;
				CLANG_CXX_LANGUAGE_STANDARD = "gnu++20";
				CLANG_ENABLE_MODULES = YES;
				CLANG_ENABLE_OBJC_ARC = YES;
				CLANG_ENABLE_OBJC_WEAK = YES;
				CLANG_WARN_BLOCK_CAPTURE_AUTORELEASING = YES;
				CLANG_WARN_BOOL_CONVERSION = YES;
				CLANG_WARN_COMMA = YES;
				CLANG_WARN_CONSTANT_CONVERSION = YES;
				CLANG_WARN_DEPRECATED_OBJC_IMPLEMENTATIONS = YES;
				CLANG_WARN_DIRECT_OBJC_ISA_USAGE = YES_ERROR;
				CLANG_WARN_DOCUMENTATION_COMMENTS = YES;
				CLANG_WARN_EMPTY_BODY = YES;
				CLANG_WARN_ENUM_CONVERSION = YES;
				CLANG_WARN_INFINITE_RECURSION = YES;
				CLANG_WARN_INT_CONVERSION = YES;
				CLANG_WARN_NON_LITERAL_NULL_CONVERSION = YES;
				CLANG_WARN_OBJC_IMPLICIT_RETAIN_SELF = YES;
				CLANG_WARN_OBJC_LITERAL_CONVERSION = YES;
				CLANG_WARN_OBJC_ROOT_CLASS = YES_ERROR;
				CLANG_WARN_QUOTED_INCLUDE_IN_FRAMEWORK_HEADER = YES;
				CLANG_WARN_RANGE_LOOP_ANALYSIS = YES;
				CLANG_WARN_STRICT_PROTOTYPES = YES;
				CLANG_WARN_SUSPICIOUS_MOVE = YES;
				CLANG_WARN_UNGUARDED_AVAILABILITY = YES_AGGRESSIVE;
				CLANG_WARN_UNREACHABLE_CODE = YES;
				CLANG_WARN__DUPLICATE_METHOD_MATCH = YES;
				COPY_PHASE_STRIP = NO;
				DEBUG_INFORMATION_FORMAT = "dwarf-with-dsym";
				ENABLE_NS_ASSERTIONS = NO;
				ENABLE_STRICT_OBJC_MSGSEND = YES;
				ENABLE_USER_SCRIPT_SANDBOXING = YES;
				GCC_C_LANGUAGE_STANDARD = gnu17;
				GCC_NO_COMMON_BLOCKS = YES;
				GCC_WARN_64_TO_32_BIT_CONVERSION = YES;
				GCC_WARN_ABOUT_RETURN_TYPE = YES_ERROR;
				GCC_WARN_UNDECLARED_SELECTOR = YES;
				GCC_WARN_UNINITIALIZED_AUTOS = YES_AGGRESSIVE;
				GCC_WARN_UNUSED_FUNCTION = YES;
				GCC_WARN_UNUSED_VARIABLE = YES;
				IPHONEOS_DEPLOYMENT_TARGET = 17.2;
				LOCALIZATION_PREFERS_STRING_CATALOGS = YES;
				MTL_ENABLE_DEBUG_INFO = NO;
				MTL_FAST_MATH = YES;
				SDKROOT = iphoneos;
				SWIFT_COMPILATION_MODE = wholemodule;
				VALIDATE_PRODUCT = YES;
			};
			name = Release;
		};
		345BC8712C38420C00098BC1 /* Debug */ = {
			isa = XCBuildConfiguration;
			buildSettings = {
				ASSETCATALOG_COMPILER_APPICON_NAME = AppIcon;
				ASSETCATALOG_COMPILER_GLOBAL_ACCENT_COLOR_NAME = AccentColor;
				CODE_SIGN_STYLE = Automatic;
				CURRENT_PROJECT_VERSION = 1;
				DEVELOPMENT_ASSET_PATHS = "\"GlowAndShine/Preview Content\"";
				DEVELOPMENT_TEAM = 4XAMG487KR;
				ENABLE_PREVIEWS = YES;
				GENERATE_INFOPLIST_FILE = YES;
				INFOPLIST_KEY_UIApplicationSceneManifest_Generation = YES;
				INFOPLIST_KEY_UIApplicationSupportsIndirectInputEvents = YES;
				INFOPLIST_KEY_UILaunchScreen_Generation = YES;
				INFOPLIST_KEY_UISupportedInterfaceOrientations_iPad = "UIInterfaceOrientationPortrait UIInterfaceOrientationPortraitUpsideDown UIInterfaceOrientationLandscapeLeft UIInterfaceOrientationLandscapeRight";
				INFOPLIST_KEY_UISupportedInterfaceOrientations_iPhone = "UIInterfaceOrientationPortrait UIInterfaceOrientationLandscapeLeft UIInterfaceOrientationLandscapeRight";
				LD_RUNPATH_SEARCH_PATHS = (
					"$(inherited)",
					"@executable_path/Frameworks",
				);
				MARKETING_VERSION = 1.0;
				PRODUCT_BUNDLE_IDENTIFIER = com.quarantasis.GlowAndShine;
				PRODUCT_NAME = "$(TARGET_NAME)";
				SWIFT_EMIT_LOC_STRINGS = YES;
				SWIFT_VERSION = 5.0;
				TARGETED_DEVICE_FAMILY = "1,2";
			};
			name = Debug;
		};
		345BC8722C38420C00098BC1 /* Release */ = {
			isa = XCBuildConfiguration;
			buildSettings = {
				ASSETCATALOG_COMPILER_APPICON_NAME = AppIcon;
				ASSETCATALOG_COMPILER_GLOBAL_ACCENT_COLOR_NAME = AccentColor;
				CODE_SIGN_STYLE = Automatic;
				CURRENT_PROJECT_VERSION = 1;
				DEVELOPMENT_ASSET_PATHS = "\"GlowAndShine/Preview Content\"";
				DEVELOPMENT_TEAM = 4XAMG487KR;
				ENABLE_PREVIEWS = YES;
				GENERATE_INFOPLIST_FILE = YES;
				INFOPLIST_KEY_UIApplicationSceneManifest_Generation = YES;
				INFOPLIST_KEY_UIApplicationSupportsIndirectInputEvents = YES;
				INFOPLIST_KEY_UILaunchScreen_Generation = YES;
				INFOPLIST_KEY_UISupportedInterfaceOrientations_iPad = "UIInterfaceOrientationPortrait UIInterfaceOrientationPortraitUpsideDown UIInterfaceOrientationLandscapeLeft UIInterfaceOrientationLandscapeRight";
				INFOPLIST_KEY_UISupportedInterfaceOrientations_iPhone = "UIInterfaceOrientationPortrait UIInterfaceOrientationLandscapeLeft UIInterfaceOrientationLandscapeRight";
				LD_RUNPATH_SEARCH_PATHS = (
					"$(inherited)",
					"@executable_path/Frameworks",
				);
				MARKETING_VERSION = 1.0;
				PRODUCT_BUNDLE_IDENTIFIER = com.quarantasis.GlowAndShine;
				PRODUCT_NAME = "$(TARGET_NAME)";
				SWIFT_EMIT_LOC_STRINGS = YES;
				SWIFT_VERSION = 5.0;
				TARGETED_DEVICE_FAMILY = "1,2";
			};
			name = Release;
		};
/* End XCBuildConfiguration section */

/* Begin XCConfigurationList section */
		345BC85D2C38420A00098BC1 /* Build configuration list for PBXProject "GlowAndShine" */ = {
			isa = XCConfigurationList;
			buildConfigurations = (
				345BC86E2C38420C00098BC1 /* Debug */,
				345BC86F2C38420C00098BC1 /* Release */,
			);
			defaultConfigurationIsVisible = 0;
			defaultConfigurationName = Release;
		};
		345BC8702C38420C00098BC1 /* Build configuration list for PBXNativeTarget "GlowAndShine" */ = {
			isa = XCConfigurationList;
			buildConfigurations = (
				345BC8712C38420C00098BC1 /* Debug */,
				345BC8722C38420C00098BC1 /* Release */,
			);
			defaultConfigurationIsVisible = 0;
			defaultConfigurationName = Release;
		};
/* End XCConfigurationList section */
	};
	rootObject = 345BC85A2C38420A00098BC1 /* Project object */;
}
